github.com/PlayerR9/go-commons v0.1.1 h1:j1P6WyUXz3uFvYrDg1Jep3psnRfuwc12pmRKXjpXMKM=
github.com/PlayerR9/go-commons v0.1.1/go.mod h1:3DEOPnnd4cBE4eZizrLvH0nQ8mx4tgR7RDByKfqQDQo=
github.com/PlayerR9/go-commons v0.1.2 h1:yR7wvs2/NQNfJDNOysD+pPmlwkQIpo1344L0kl0F+hM=
github.com/PlayerR9/go-commons v0.1.2/go.mod h1://CqBLk0vMDyChtNaAKXYqcUu6qsL89dg22v5DGLRtM=
github.com/PlayerR9/go-generator v0.1.0 h1:cpzIk0CXRhdwAYq/AyDv4BEqRDuVBpchMIaFisXtosA=
github.com/PlayerR9/go-generator v0.1.0/go.mod h1:tfp8iLk12ViYJYr9U1x12V1rv580d0wFxIFZGH/G9HA=
github.com/PlayerR9/iterators v0.1.0 h1:hEsj6JMJOpMqNIBeFOcpgNZTVz6p7jnpYhKT0jlt200=
github.com/PlayerR9/iterators v0.1.0/go.mod h1:WTHo+srRxPfuHdj0JpE9/CPayp6qEUtMjn6Hrm+n7+Y=
github.com/PlayerR9/lib_units v0.1.8 h1:ANySYeBYoLhJrO26Y4+ijo7ffI2rclCU1lmaB26UEEo=
github.com/PlayerR9/lib_units v0.1.8/go.mod h1:PlCm0Wru6YVu3EzwoZCc+urJ9lxAwIRPA2Ut0kt71Pg=
github.com/PlayerR9/lib_units v0.1.9 h1:A4S2WmRSTWW4QGSBGIUe+XxYN/3Jp7HzEsc5jpZZUv4=
github.com/PlayerR9/lib_units v0.1.9/go.mod h1:R8ulwz3mlAysJRgJkVUqeKJnSLyR+iJtYFNhA8REp5o=
github.com/PlayerR9/listlike v0.1.3 h1:JSqSE3c8/etko1i3zncuThrz92ivZiSUABYHs5B5zkU=
github.com/PlayerR9/listlike v0.1.3/go.mod h1:5JLfvTwuSLwQA9a4/FaxWHatjvmOUv9+0aMlRuJo0R4=
github.com/PlayerR9/listlike v0.1.4 h1:EHdBTU4FCaETSUisD4fDQtdysiFgKe63mhYi7Hzsbdg=
github.com/PlayerR9/listlike v0.1.4/go.mod h1:UqOOCdwtwQVlMuYzBTAOeHlCywP00VGK1LiGCZSBbCg=
golang.org/x/exp v0.0.0-20240719175910-8a7402abbf56 h1:2dVuKD2vS7b0QIHQbpyTISPd0LeHDbnYEryqj5Q1ug8=
golang.org/x/exp v0.0.0-20240719175910-8a7402abbf56/go.mod h1:M4RDyNAINzryxdtnbRXRL/OHtkFuWGRjvuhBJpk2IlY=
