github.com/PlayerR9/lib_units v0.1.7 h1:M1EOIv6/5sOGcYK3oWkStqkEVNL2si6hqDCd+k43/xQ=
github.com/PlayerR9/lib_units v0.1.7/go.mod h1:PtwiOBR5S2qAy5lD+Nz5ma7wXEYm8EWpVIP21Lm0o+Q=
github.com/PlayerR9/listlike v0.1.2 h1:+bEODg1LD3qDgknZgJqZt4vFrUrRk/mJIVc9dX4VVeY=
github.com/PlayerR9/listlike v0.1.2/go.mod h1:+vNPGlUSv412D30T6ZPTzcioDgGrL+dO0+bZ/0ew7fI=
golang.org/x/exp v0.0.0-20240719175910-8a7402abbf56 h1:2dVuKD2vS7b0QIHQbpyTISPd0LeHDbnYEryqj5Q1ug8=
golang.org/x/exp v0.0.0-20240719175910-8a7402abbf56/go.mod h1:M4RDyNAINzryxdtnbRXRL/OHtkFuWGRjvuhBJpk2IlY=
