github.com/PlayerR9/lib_units v0.1.0 h1:WVTKFUE9AeUpE4Xj0p4c9Kqq8hgH3VyvcemJ5GNgfks=
github.com/PlayerR9/lib_units v0.1.0/go.mod h1:pi/oKSWV3ILhTXG7B2OuS3uC1idp6Oi2f18h0V8fVLY=
golang.org/x/exp v0.0.0-20240719175910-8a7402abbf56 h1:2dVuKD2vS7b0QIHQbpyTISPd0LeHDbnYEryqj5Q1ug8=
golang.org/x/exp v0.0.0-20240719175910-8a7402abbf56/go.mod h1:M4RDyNAINzryxdtnbRXRL/OHtkFuWGRjvuhBJpk2IlY=
